
Microsoft Visual Studio Solution File, Format Version 12.00
# Visual Studio Version 16
VisualStudioVersion = 16.0.28315.86
MinimumVisualStudioVersion = 10.0.40219.1
Project("{2150E333-8FDC-42A3-9474-1A3956D46DE8}") = "Engine", "Engine", "{441A0F7A-5D84-4326-9D86-FF90EA4F4025}"
EndProject
Project("{2150E333-8FDC-42A3-9474-1A3956D46DE8}") = "Games", "Games", "{FC5A2B6C-3983-4F56-ACAC-75D07E0B51FF}"
EndProject
Project("{8BC9CEB8-8B4A-11D0-8D11-00A0C91BC942}") = "UE4", "Intermediate\ProjectFiles\UE4.vcxproj", "{49C949C0-900E-4E9A-B682-8104D308A08B}"
EndProject
Project("{8BC9CEB8-8B4A-11D0-8D11-00A0C91BC942}") = "hukuokaGame", "Intermediate\ProjectFiles\hukuokaGame.vcxproj", "{08FC1A09-C891-46E2-BB6A-8D4F21B19371}"
EndProject
Project("{2150E333-8FDC-42A3-9474-1A3956D46DE8}") = "Visualizers", "Visualizers", "{8655A114-8DEA-484F-8302-3C15116EFD4C}"
	ProjectSection(SolutionItems) = preProject
		C:\Program Files\Epic Games\UE_4.24\Engine\Extras\VisualStudioDebugging\UE4.natvis = C:\Program Files\Epic Games\UE_4.24\Engine\Extras\VisualStudioDebugging\UE4.natvis
	EndProjectSection
EndProject
Global
	GlobalSection(SolutionConfigurationPlatforms) = preSolution
		DebugGame Editor|Win32 = DebugGame Editor|Win32
		DebugGame Editor|Win64 = DebugGame Editor|Win64
		DebugGame|Win32 = DebugGame|Win32
		DebugGame|Win64 = DebugGame|Win64
		Development Editor|Win32 = Development Editor|Win32
		Development Editor|Win64 = Development Editor|Win64
		Development|Win32 = Development|Win32
		Development|Win64 = Development|Win64
		Shipping|Win32 = Shipping|Win32
		Shipping|Win64 = Shipping|Win64
	EndGlobalSection
	GlobalSection(ProjectConfigurationPlatforms) = postSolution
		{49C949C0-900E-4E9A-B682-8104D308A08B}.DebugGame Editor|Win32.ActiveCfg = BuiltWithUnrealBuildTool|Win32
		{49C949C0-900E-4E9A-B682-8104D308A08B}.DebugGame Editor|Win64.ActiveCfg = BuiltWithUnrealBuildTool|Win32
		{49C949C0-900E-4E9A-B682-8104D308A08B}.DebugGame|Win32.ActiveCfg = BuiltWithUnrealBuildTool|Win32
		{49C949C0-900E-4E9A-B682-8104D308A08B}.DebugGame|Win64.ActiveCfg = BuiltWithUnrealBuildTool|Win32
		{49C949C0-900E-4E9A-B682-8104D308A08B}.Development Editor|Win32.ActiveCfg = BuiltWithUnrealBuildTool|Win32
		{49C949C0-900E-4E9A-B682-8104D308A08B}.Development Editor|Win64.ActiveCfg = BuiltWithUnrealBuildTool|Win32
		{49C949C0-900E-4E9A-B682-8104D308A08B}.Development|Win32.ActiveCfg = BuiltWithUnrealBuildTool|Win32
		{49C949C0-900E-4E9A-B682-8104D308A08B}.Development|Win64.ActiveCfg = BuiltWithUnrealBuildTool|Win32
		{49C949C0-900E-4E9A-B682-8104D308A08B}.Shipping|Win32.ActiveCfg = BuiltWithUnrealBuildTool|Win32
		{49C949C0-900E-4E9A-B682-8104D308A08B}.Shipping|Win64.ActiveCfg = BuiltWithUnrealBuildTool|Win32
		{08FC1A09-C891-46E2-BB6A-8D4F21B19371}.DebugGame Editor|Win32.ActiveCfg = Invalid|Win32
		{08FC1A09-C891-46E2-BB6A-8D4F21B19371}.DebugGame Editor|Win64.ActiveCfg = DebugGame_Editor|x64
		{08FC1A09-C891-46E2-BB6A-8D4F21B19371}.DebugGame Editor|Win64.Build.0 = DebugGame_Editor|x64
		{08FC1A09-C891-46E2-BB6A-8D4F21B19371}.DebugGame|Win32.ActiveCfg = DebugGame|Win32
		{08FC1A09-C891-46E2-BB6A-8D4F21B19371}.DebugGame|Win32.Build.0 = DebugGame|Win32
		{08FC1A09-C891-46E2-BB6A-8D4F21B19371}.DebugGame|Win64.ActiveCfg = DebugGame|x64
		{08FC1A09-C891-46E2-BB6A-8D4F21B19371}.DebugGame|Win64.Build.0 = DebugGame|x64
		{08FC1A09-C891-46E2-BB6A-8D4F21B19371}.Development Editor|Win32.ActiveCfg = Invalid|Win32
		{08FC1A09-C891-46E2-BB6A-8D4F21B19371}.Development Editor|Win64.ActiveCfg = Development_Editor|x64
		{08FC1A09-C891-46E2-BB6A-8D4F21B19371}.Development Editor|Win64.Build.0 = Development_Editor|x64
		{08FC1A09-C891-46E2-BB6A-8D4F21B19371}.Development|Win32.ActiveCfg = Development|Win32
		{08FC1A09-C891-46E2-BB6A-8D4F21B19371}.Development|Win32.Build.0 = Development|Win32
		{08FC1A09-C891-46E2-BB6A-8D4F21B19371}.Development|Win64.ActiveCfg = Development|x64
		{08FC1A09-C891-46E2-BB6A-8D4F21B19371}.Development|Win64.Build.0 = Development|x64
		{08FC1A09-C891-46E2-BB6A-8D4F21B19371}.Shipping|Win32.ActiveCfg = Shipping|Win32
		{08FC1A09-C891-46E2-BB6A-8D4F21B19371}.Shipping|Win32.Build.0 = Shipping|Win32
		{08FC1A09-C891-46E2-BB6A-8D4F21B19371}.Shipping|Win64.ActiveCfg = Shipping|x64
		{08FC1A09-C891-46E2-BB6A-8D4F21B19371}.Shipping|Win64.Build.0 = Shipping|x64
	EndGlobalSection
	GlobalSection(SolutionProperties) = preSolution
		HideSolutionNode = FALSE
	EndGlobalSection
	GlobalSection(NestedProjects) = preSolution
		{49C949C0-900E-4E9A-B682-8104D308A08B} = {441A0F7A-5D84-4326-9D86-FF90EA4F4025}
		{08FC1A09-C891-46E2-BB6A-8D4F21B19371} = {FC5A2B6C-3983-4F56-ACAC-75D07E0B51FF}
	EndGlobalSection
	GlobalSection(ExtensibilityGlobals) = postSolution
		SolutionGuid = {C6BDE1C1-B492-41B8-941B-2C6A65E854C0}
	EndGlobalSection
EndGlobal
